
Microsoft Visual Studio Solution File, Format Version 12.00
# Visual Studio Version 17
VisualStudioVersion = 17.10.34916.146
MinimumVisualStudioVersion = 10.0.40219.1
Project("{9A19103F-16F7-4668-BE54-9A1E7A4F7556}") = "elmohandes.Server", "elmohandes.Server\elmohandes.Server.csproj", "{FF1E06C6-8A3E-4FE7-A3B3-75527ED88511}"
EndProject
Global
	GlobalSection(SolutionConfigurationPlatforms) = preSolution
		Debug|Any CPU = Debug|Any CPU
		Release|Any CPU = Release|Any CPU
	EndGlobalSection
	GlobalSection(ProjectConfigurationPlatforms) = postSolution
		{FF1E06C6-8A3E-4FE7-A3B3-75527ED88511}.Debug|Any CPU.ActiveCfg = Debug|Any CPU
		{FF1E06C6-8A3E-4FE7-A3B3-75527ED88511}.Debug|Any CPU.Build.0 = Debug|Any CPU
		{FF1E06C6-8A3E-4FE7-A3B3-75527ED88511}.Release|Any CPU.ActiveCfg = Release|Any CPU
		{FF1E06C6-8A3E-4FE7-A3B3-75527ED88511}.Release|Any CPU.Build.0 = Release|Any CPU
	EndGlobalSection
	GlobalSection(SolutionProperties) = preSolution
		HideSolutionNode = FALSE
	EndGlobalSection
	GlobalSection(ExtensibilityGlobals) = postSolution
		SolutionGuid = {BA4485C2-36D7-4762-BD5C-21C0024DA244}
	EndGlobalSection
EndGlobal
